// !$*UTF8*$!
{
	archiveVersion = 1;
	classes = {
	};
	objectVersion = 50;
	objects = {

/* Begin PBXBuildFile section */
		E342F8DF271F4DCC0000F499 /* AppDelegate.swift in Sources */ = {isa = PBXBuildFile; fileRef = E342F8DE271F4DCC0000F499 /* AppDelegate.swift */; };
		E342F8E8271F4DCD0000F499 /* Assets.xcassets in Resources */ = {isa = PBXBuildFile; fileRef = E342F8E7271F4DCD0000F499 /* Assets.xcassets */; };
		E342F8EB271F4DCD0000F499 /* LaunchScreen.storyboard in Resources */ = {isa = PBXBuildFile; fileRef = E342F8E9271F4DCD0000F499 /* LaunchScreen.storyboard */; };
		E342F8F3271F72840000F499 /* HomeController.swift in Sources */ = {isa = PBXBuildFile; fileRef = E342F8F2271F72840000F499 /* HomeController.swift */; };
		E3E314FF2722B026003A8DF5 /* UserHeader.swift in Sources */ = {isa = PBXBuildFile; fileRef = E3E314FE2722B026003A8DF5 /* UserHeader.swift */; };
		E3E315012722B082003A8DF5 /* UserFooter.swift in Sources */ = {isa = PBXBuildFile; fileRef = E3E315002722B082003A8DF5 /* UserFooter.swift */; };
		E3E315032722B095003A8DF5 /* UserCell.swift in Sources */ = {isa = PBXBuildFile; fileRef = E3E315022722B095003A8DF5 /* UserCell.swift */; };
/* End PBXBuildFile section */

/* Begin PBXFileReference section */
		E342F8DB271F4DCC0000F499 /* LBTA_Twitter.app */ = {isa = PBXFileReference; explicitFileType = wrapper.application; includeInIndex = 0; path = LBTA_Twitter.app; sourceTree = BUILT_PRODUCTS_DIR; };
		E342F8DE271F4DCC0000F499 /* AppDelegate.swift */ = {isa = PBXFileReference; lastKnownFileType = sourcecode.swift; path = AppDelegate.swift; sourceTree = "<group>"; };
		E342F8E7271F4DCD0000F499 /* Assets.xcassets */ = {isa = PBXFileReference; lastKnownFileType = folder.assetcatalog; path = Assets.xcassets; sourceTree = "<group>"; };
		E342F8EA271F4DCD0000F499 /* Base */ = {isa = PBXFileReference; lastKnownFileType = file.storyboard; name = Base; path = Base.lproj/LaunchScreen.storyboard; sourceTree = "<group>"; };
		E342F8EC271F4DCD0000F499 /* Info.plist */ = {isa = PBXFileReference; lastKnownFileType = text.plist.xml; path = Info.plist; sourceTree = "<group>"; };
		E342F8F2271F72840000F499 /* HomeController.swift */ = {isa = PBXFileReference; lastKnownFileType = sourcecode.swift; path = HomeController.swift; sourceTree = "<group>"; };
		E3E314FE2722B026003A8DF5 /* UserHeader.swift */ = {isa = PBXFileReference; lastKnownFileType = sourcecode.swift; path = UserHeader.swift; sourceTree = "<group>"; };
		E3E315002722B082003A8DF5 /* UserFooter.swift */ = {isa = PBXFileReference; lastKnownFileType = sourcecode.swift; path = UserFooter.swift; sourceTree = "<group>"; };
		E3E315022722B095003A8DF5 /* UserCell.swift */ = {isa = PBXFileReference; lastKnownFileType = sourcecode.swift; path = UserCell.swift; sourceTree = "<group>"; };
/* End PBXFileReference section */

/* Begin PBXFrameworksBuildPhase section */
		E342F8D8271F4DCC0000F499 /* Frameworks */ = {
			isa = PBXFrameworksBuildPhase;
			buildActionMask = 2147483647;
			files = (
			);
			runOnlyForDeploymentPostprocessing = 0;
		};
/* End PBXFrameworksBuildPhase section */

/* Begin PBXGroup section */
		E342F8D2271F4DCC0000F499 = {
			isa = PBXGroup;
			children = (
				E342F8DD271F4DCC0000F499 /* LBTA_Twitter */,
				E342F8DC271F4DCC0000F499 /* Products */,
			);
			sourceTree = "<group>";
		};
		E342F8DC271F4DCC0000F499 /* Products */ = {
			isa = PBXGroup;
			children = (
				E342F8DB271F4DCC0000F499 /* LBTA_Twitter.app */,
			);
			name = Products;
			sourceTree = "<group>";
		};
		E342F8DD271F4DCC0000F499 /* LBTA_Twitter */ = {
			isa = PBXGroup;
			children = (
				E3E314FD2722B007003A8DF5 /* HomeControllerCells */,
				E342F8DE271F4DCC0000F499 /* AppDelegate.swift */,
				E342F8E7271F4DCD0000F499 /* Assets.xcassets */,
				E342F8E9271F4DCD0000F499 /* LaunchScreen.storyboard */,
				E342F8EC271F4DCD0000F499 /* Info.plist */,
				E342F8F2271F72840000F499 /* HomeController.swift */,
			);
			path = LBTA_Twitter;
			sourceTree = "<group>";
		};
		E3E314FD2722B007003A8DF5 /* HomeControllerCells */ = {
			isa = PBXGroup;
			children = (
				E3E314FE2722B026003A8DF5 /* UserHeader.swift */,
				E3E315002722B082003A8DF5 /* UserFooter.swift */,
				E3E315022722B095003A8DF5 /* UserCell.swift */,
			);
			path = HomeControllerCells;
			sourceTree = "<group>";
		};
/* End PBXGroup section */

/* Begin PBXNativeTarget section */
		E342F8DA271F4DCC0000F499 /* LBTA_Twitter */ = {
			isa = PBXNativeTarget;
			buildConfigurationList = E342F8EF271F4DCD0000F499 /* Build configuration list for PBXNativeTarget "LBTA_Twitter" */;
			buildPhases = (
				E342F8D7271F4DCC0000F499 /* Sources */,
				E342F8D8271F4DCC0000F499 /* Frameworks */,
				E342F8D9271F4DCC0000F499 /* Resources */,
			);
			buildRules = (
			);
			dependencies = (
			);
			name = LBTA_Twitter;
			productName = LBTA_Twitter;
			productReference = E342F8DB271F4DCC0000F499 /* LBTA_Twitter.app */;
			productType = "com.apple.product-type.application";
		};
/* End PBXNativeTarget section */

/* Begin PBXProject section */
		E342F8D3271F4DCC0000F499 /* Project object */ = {
			isa = PBXProject;
			attributes = {
				LastSwiftUpdateCheck = 1250;
				LastUpgradeCheck = 1250;
				TargetAttributes = {
					E342F8DA271F4DCC0000F499 = {
						CreatedOnToolsVersion = 12.5.1;
					};
				};
			};
			buildConfigurationList = E342F8D6271F4DCC0000F499 /* Build configuration list for PBXProject "LBTA_Twitter" */;
			compatibilityVersion = "Xcode 9.3";
			developmentRegion = en;
			hasScannedForEncodings = 0;
			knownRegions = (
				en,
				Base,
			);
			mainGroup = E342F8D2271F4DCC0000F499;
			productRefGroup = E342F8DC271F4DCC0000F499 /* Products */;
			projectDirPath = "";
			projectRoot = "";
			targets = (
				E342F8DA271F4DCC0000F499 /* LBTA_Twitter */,
			);
		};
/* End PBXProject section */

/* Begin PBXResourcesBuildPhase section */
		E342F8D9271F4DCC0000F499 /* Resources */ = {
			isa = PBXResourcesBuildPhase;
			buildActionMask = 2147483647;
			files = (
				E342F8EB271F4DCD0000F499 /* LaunchScreen.storyboard in Resources */,
				E342F8E8271F4DCD0000F499 /* Assets.xcassets in Resources */,
			);
			runOnlyForDeploymentPostprocessing = 0;
		};
/* End PBXResourcesBuildPhase section */

/* Begin PBXSourcesBuildPhase section */
		E342F8D7271F4DCC0000F499 /* Sources */ = {
			isa = PBXSourcesBuildPhase;
			buildActionMask = 2147483647;
			files = (
				E342F8DF271F4DCC0000F499 /* AppDelegate.swift in Sources */,
				E3E315012722B082003A8DF5 /* UserFooter.swift in Sources */,
				E342F8F3271F72840000F499 /* HomeController.swift in Sources */,
				E3E315032722B095003A8DF5 /* UserCell.swift in Sources */,
				E3E314FF2722B026003A8DF5 /* UserHeader.swift in Sources */,
			);
			runOnlyForDeploymentPostprocessing = 0;
		};
/* End PBXSourcesBuildPhase section */

/* Begin PBXVariantGroup section */
		E342F8E9271F4DCD0000F499 /* LaunchScreen.storyboard */ = {
			isa = PBXVariantGroup;
			children = (
				E342F8EA271F4DCD0000F499 /* Base */,
			);
			name = LaunchScreen.storyboard;
			sourceTree = "<group>";
		};
/* End PBXVariantGroup section */

/* Begin XCBuildConfiguration section */
		E342F8ED271F4DCD0000F499 /* Debug */ = {
			isa = XCBuildConfiguration;
			buildSettings = {
				ALWAYS_SEARCH_USER_PATHS = NO;
				CLANG_ANALYZER_NONNULL = YES;
				CLANG_ANALYZER_NUMBER_OBJECT_CONVERSION = YES_AGGRESSIVE;
				CLANG_CXX_LANGUAGE_STANDARD = "gnu++14";
				CLANG_CXX_LIBRARY = "libc++";
				CLANG_ENABLE_MODULES = YES;
				CLANG_ENABLE_OBJC_ARC = YES;
				CLANG_ENABLE_OBJC_WEAK = YES;
				CLANG_WARN_BLOCK_CAPTURE_AUTORELEASING = YES;
				CLANG_WARN_BOOL_CONVERSION = YES;
				CLANG_WARN_COMMA = YES;
				CLANG_WARN_CONSTANT_CONVERSION = YES;
				CLANG_WARN_DEPRECATED_OBJC_IMPLEMENTATIONS = YES;
				CLANG_WARN_DIRECT_OBJC_ISA_USAGE = YES_ERROR;
				CLANG_WARN_DOCUMENTATION_COMMENTS = YES;
				CLANG_WARN_EMPTY_BODY = YES;
				CLANG_WARN_ENUM_CONVERSION = YES;
				CLANG_WARN_INFINITE_RECURSION = YES;
				CLANG_WARN_INT_CONVERSION = YES;
				CLANG_WARN_NON_LITERAL_NULL_CONVERSION = YES;
				CLANG_WARN_OBJC_IMPLICIT_RETAIN_SELF = YES;
				CLANG_WARN_OBJC_LITERAL_CONVERSION = YES;
				CLANG_WARN_OBJC_ROOT_CLASS = YES_ERROR;
				CLANG_WARN_QUOTED_INCLUDE_IN_FRAMEWORK_HEADER = YES;
				CLANG_WARN_RANGE_LOOP_ANALYSIS = YES;
				CLANG_WARN_STRICT_PROTOTYPES = YES;
				CLANG_WARN_SUSPICIOUS_MOVE = YES;
				CLANG_WARN_UNGUARDED_AVAILABILITY = YES_AGGRESSIVE;
				CLANG_WARN_UNREACHABLE_CODE = YES;
				CLANG_WARN__DUPLICATE_METHOD_MATCH = YES;
				COPY_PHASE_STRIP = NO;
				DEBUG_INFORMATION_FORMAT = dwarf;
				ENABLE_STRICT_OBJC_MSGSEND = YES;
				ENABLE_TESTABILITY = YES;
				GCC_C_LANGUAGE_STANDARD = gnu11;
				GCC_DYNAMIC_NO_PIC = NO;
				GCC_NO_COMMON_BLOCKS = YES;
				GCC_OPTIMIZATION_LEVEL = 0;
				GCC_PREPROCESSOR_DEFINITIONS = (
					"DEBUG=1",
					"$(inherited)",
				);
				GCC_WARN_64_TO_32_BIT_CONVERSION = YES;
				GCC_WARN_ABOUT_RETURN_TYPE = YES_ERROR;
				GCC_WARN_UNDECLARED_SELECTOR = YES;
				GCC_WARN_UNINITIALIZED_AUTOS = YES_AGGRESSIVE;
				GCC_WARN_UNUSED_FUNCTION = YES;
				GCC_WARN_UNUSED_VARIABLE = YES;
				IPHONEOS_DEPLOYMENT_TARGET = 14.5;
				MTL_ENABLE_DEBUG_INFO = INCLUDE_SOURCE;
				MTL_FAST_MATH = YES;
				ONLY_ACTIVE_ARCH = YES;
				SDKROOT = iphoneos;
				SWIFT_ACTIVE_COMPILATION_CONDITIONS = DEBUG;
				SWIFT_OPTIMIZATION_LEVEL = "-Onone";
			};
			name = Debug;
		};
		E342F8EE271F4DCD0000F499 /* Release */ = {
			isa = XCBuildConfiguration;
			buildSettings = {
				ALWAYS_SEARCH_USER_PATHS = NO;
				CLANG_ANALYZER_NONNULL = YES;
				CLANG_ANALYZER_NUMBER_OBJECT_CONVERSION = YES_AGGRESSIVE;
				CLANG_CXX_LANGUAGE_STANDARD = "gnu++14";
				CLANG_CXX_LIBRARY = "libc++";
				CLANG_ENABLE_MODULES = YES;
				CLANG_ENABLE_OBJC_ARC = YES;
				CLANG_ENABLE_OBJC_WEAK = YES;
				CLANG_WARN_BLOCK_CAPTURE_AUTORELEASING = YES;
				CLANG_WARN_BOOL_CONVERSION = YES;
				CLANG_WARN_COMMA = YES;
				CLANG_WARN_CONSTANT_CONVERSION = YES;
				CLANG_WARN_DEPRECATED_OBJC_IMPLEMENTATIONS = YES;
				CLANG_WARN_DIRECT_OBJC_ISA_USAGE = YES_ERROR;
				CLANG_WARN_DOCUMENTATION_COMMENTS = YES;
				CLANG_WARN_EMPTY_BODY = YES;
				CLANG_WARN_ENUM_CONVERSION = YES;
				CLANG_WARN_INFINITE_RECURSION = YES;
				CLANG_WARN_INT_CONVERSION = YES;
				CLANG_WARN_NON_LITERAL_NULL_CONVERSION = YES;
				CLANG_WARN_OBJC_IMPLICIT_RETAIN_SELF = YES;
				CLANG_WARN_OBJC_LITERAL_CONVERSION = YES;
				CLANG_WARN_OBJC_ROOT_CLASS = YES_ERROR;
				CLANG_WARN_QUOTED_INCLUDE_IN_FRAMEWORK_HEADER = YES;
				CLANG_WARN_RANGE_LOOP_ANALYSIS = YES;
				CLANG_WARN_STRICT_PROTOTYPES = YES;
				CLANG_WARN_SUSPICIOUS_MOVE = YES;
				CLANG_WARN_UNGUARDED_AVAILABILITY = YES_AGGRESSIVE;
				CLANG_WARN_UNREACHABLE_CODE = YES;
				CLANG_WARN__DUPLICATE_METHOD_MATCH = YES;
				COPY_PHASE_STRIP = NO;
				DEBUG_INFORMATION_FORMAT = "dwarf-with-dsym";
				ENABLE_NS_ASSERTIONS = NO;
				ENABLE_STRICT_OBJC_MSGSEND = YES;
				GCC_C_LANGUAGE_STANDARD = gnu11;
				GCC_NO_COMMON_BLOCKS = YES;
				GCC_WARN_64_TO_32_BIT_CONVERSION = YES;
				GCC_WARN_ABOUT_RETURN_TYPE = YES_ERROR;
				GCC_WARN_UNDECLARED_SELECTOR = YES;
				GCC_WARN_UNINITIALIZED_AUTOS = YES_AGGRESSIVE;
				GCC_WARN_UNUSED_FUNCTION = YES;
				GCC_WARN_UNUSED_VARIABLE = YES;
				IPHONEOS_DEPLOYMENT_TARGET = 14.5;
				MTL_ENABLE_DEBUG_INFO = NO;
				MTL_FAST_MATH = YES;
				SDKROOT = iphoneos;
				SWIFT_COMPILATION_MODE = wholemodule;
				SWIFT_OPTIMIZATION_LEVEL = "-O";
				VALIDATE_PRODUCT = YES;
			};
			name = Release;
		};
		E342F8F0271F4DCD0000F499 /* Debug */ = {
			isa = XCBuildConfiguration;
			buildSettings = {
				ASSETCATALOG_COMPILER_APPICON_NAME = AppIcon;
				ASSETCATALOG_COMPILER_GLOBAL_ACCENT_COLOR_NAME = AccentColor;
				CODE_SIGN_STYLE = Automatic;
				DEVELOPMENT_TEAM = H2B97KAT4Q;
				INFOPLIST_FILE = LBTA_Twitter/Info.plist;
				IPHONEOS_DEPLOYMENT_TARGET = 10.0;
				LD_RUNPATH_SEARCH_PATHS = (
					"$(inherited)",
					"@executable_path/Frameworks",
				);
				PRODUCT_BUNDLE_IDENTIFIER = "com.jan-technology.LBTA-Twitter";
				PRODUCT_NAME = "$(TARGET_NAME)";
				SWIFT_VERSION = 5.0;
				TARGETED_DEVICE_FAMILY = "1,2";
			};
			name = Debug;
		};
		E342F8F1271F4DCD0000F499 /* Release */ = {
			isa = XCBuildConfiguration;
			buildSettings = {
				ASSETCATALOG_COMPILER_APPICON_NAME = AppIcon;
				ASSETCATALOG_COMPILER_GLOBAL_ACCENT_COLOR_NAME = AccentColor;
				CODE_SIGN_STYLE = Automatic;
				DEVELOPMENT_TEAM = H2B97KAT4Q;
				INFOPLIST_FILE = LBTA_Twitter/Info.plist;
				IPHONEOS_DEPLOYMENT_TARGET = 10.0;
				LD_RUNPATH_SEARCH_PATHS = (
					"$(inherited)",
					"@executable_path/Frameworks",
				);
				PRODUCT_BUNDLE_IDENTIFIER = "com.jan-technology.LBTA-Twitter";
				PRODUCT_NAME = "$(TARGET_NAME)";
				SWIFT_VERSION = 5.0;
				TARGETED_DEVICE_FAMILY = "1,2";
			};
			name = Release;
		};
/* End XCBuildConfiguration section */

/* Begin XCConfigurationList section */
		E342F8D6271F4DCC0000F499 /* Build configuration list for PBXProject "LBTA_Twitter" */ = {
			isa = XCConfigurationList;
			buildConfigurations = (
				E342F8ED271F4DCD0000F499 /* Debug */,
				E342F8EE271F4DCD0000F499 /* Release */,
			);
			defaultConfigurationIsVisible = 0;
			defaultConfigurationName = Release;
		};
		E342F8EF271F4DCD0000F499 /* Build configuration list for PBXNativeTarget "LBTA_Twitter" */ = {
			isa = XCConfigurationList;
			buildConfigurations = (
				E342F8F0271F4DCD0000F499 /* Debug */,
				E342F8F1271F4DCD0000F499 /* Release */,
			);
			defaultConfigurationIsVisible = 0;
			defaultConfigurationName = Release;
		};
/* End XCConfigurationList section */
	};
	rootObject = E342F8D3271F4DCC0000F499 /* Project object */;
}
